
Microsoft Visual Studio Solution File, Format Version 12.00
# Visual Studio 15
VisualStudioVersion = 15.0.27428.2027
MinimumVisualStudioVersion = 10.0.40219.1
Project("{F184B08F-C81C-45F6-A57F-5ABD9991F28F}") = "Final Project", "Final Project\Final Project.vbproj", "{FAD3781C-5207-4E22-BAD2-D1369B317354}"
EndProject
Global
	GlobalSection(SolutionConfigurationPlatforms) = preSolution
		Debug|Any CPU = Debug|Any CPU
		Release|Any CPU = Release|Any CPU
	EndGlobalSection
	GlobalSection(ProjectConfigurationPlatforms) = postSolution
		{FAD3781C-5207-4E22-BAD2-D1369B317354}.Debug|Any CPU.ActiveCfg = Debug|Any CPU
		{FAD3781C-5207-4E22-BAD2-D1369B317354}.Debug|Any CPU.Build.0 = Debug|Any CPU
		{FAD3781C-5207-4E22-BAD2-D1369B317354}.Release|Any CPU.ActiveCfg = Release|Any CPU
		{FAD3781C-5207-4E22-BAD2-D1369B317354}.Release|Any CPU.Build.0 = Release|Any CPU
	EndGlobalSection
	GlobalSection(SolutionProperties) = preSolution
		HideSolutionNode = FALSE
	EndGlobalSection
	GlobalSection(ExtensibilityGlobals) = postSolution
		SolutionGuid = {F5E5E036-FF33-4EB8-B699-5B3108A424CA}
	EndGlobalSection
EndGlobal
